
Microsoft Visual Studio Solution File, Format Version 12.00
# Visual Studio Version 17
VisualStudioVersion = 17.2.32616.157
MinimumVisualStudioVersion = 10.0.40219.1
Project("{9A19103F-16F7-4668-BE54-9A1E7A4F7556}") = "lbdbackend.Api", "lbdbackend.Api\lbdbackend.Api.csproj", "{74880ED5-67F7-4DD6-9868-B0056D15BFC0}"
EndProject
Project("{9A19103F-16F7-4668-BE54-9A1E7A4F7556}") = "lbdbackend.Core", "lbdbackend.Core\lbdbackend.Core.csproj", "{FD4567A7-213C-4948-A226-9A35817B4712}"
EndProject
Project("{9A19103F-16F7-4668-BE54-9A1E7A4F7556}") = "lbdbackend.Data", "lbdbackend.Data\lbdbackend.Data.csproj", "{2CFB8A1B-8F65-44C1-9496-51AE133A1123}"
EndProject
Project("{FAE04EC0-301F-11D3-BF4B-00C04F79EFBC}") = "lbdbackend.Service", "lbdbackend.Service\lbdbackend.Service.csproj", "{F2B1115A-98A6-4A4E-BF31-35CFF3551DF6}"
EndProject
Global
	GlobalSection(SolutionConfigurationPlatforms) = preSolution
		Debug|Any CPU = Debug|Any CPU
		Release|Any CPU = Release|Any CPU
	EndGlobalSection
	GlobalSection(ProjectConfigurationPlatforms) = postSolution
		{74880ED5-67F7-4DD6-9868-B0056D15BFC0}.Debug|Any CPU.ActiveCfg = Debug|Any CPU
		{74880ED5-67F7-4DD6-9868-B0056D15BFC0}.Debug|Any CPU.Build.0 = Debug|Any CPU
		{74880ED5-67F7-4DD6-9868-B0056D15BFC0}.Release|Any CPU.ActiveCfg = Release|Any CPU
		{74880ED5-67F7-4DD6-9868-B0056D15BFC0}.Release|Any CPU.Build.0 = Release|Any CPU
		{FD4567A7-213C-4948-A226-9A35817B4712}.Debug|Any CPU.ActiveCfg = Debug|Any CPU
		{FD4567A7-213C-4948-A226-9A35817B4712}.Debug|Any CPU.Build.0 = Debug|Any CPU
		{FD4567A7-213C-4948-A226-9A35817B4712}.Release|Any CPU.ActiveCfg = Release|Any CPU
		{FD4567A7-213C-4948-A226-9A35817B4712}.Release|Any CPU.Build.0 = Release|Any CPU
		{2CFB8A1B-8F65-44C1-9496-51AE133A1123}.Debug|Any CPU.ActiveCfg = Debug|Any CPU
		{2CFB8A1B-8F65-44C1-9496-51AE133A1123}.Debug|Any CPU.Build.0 = Debug|Any CPU
		{2CFB8A1B-8F65-44C1-9496-51AE133A1123}.Release|Any CPU.ActiveCfg = Release|Any CPU
		{2CFB8A1B-8F65-44C1-9496-51AE133A1123}.Release|Any CPU.Build.0 = Release|Any CPU
		{F2B1115A-98A6-4A4E-BF31-35CFF3551DF6}.Debug|Any CPU.ActiveCfg = Debug|Any CPU
		{F2B1115A-98A6-4A4E-BF31-35CFF3551DF6}.Debug|Any CPU.Build.0 = Debug|Any CPU
		{F2B1115A-98A6-4A4E-BF31-35CFF3551DF6}.Release|Any CPU.ActiveCfg = Release|Any CPU
		{F2B1115A-98A6-4A4E-BF31-35CFF3551DF6}.Release|Any CPU.Build.0 = Release|Any CPU
	EndGlobalSection
	GlobalSection(SolutionProperties) = preSolution
		HideSolutionNode = FALSE
	EndGlobalSection
	GlobalSection(ExtensibilityGlobals) = postSolution
		SolutionGuid = {14416093-9A76-4105-AB71-91140F51EE12}
	EndGlobalSection
EndGlobal
